
Microsoft Visual Studio Solution File, Format Version 12.00
# Visual Studio Version 17
VisualStudioVersion = 17.9.34728.123
MinimumVisualStudioVersion = 10.0.40219.1
Project("{9A19103F-16F7-4668-BE54-9A1E7A4F7556}") = "HealthcareAppointment.WebAPI", "HealthcareAppointment.WebAPI.csproj", "{698F2F3C-917C-4554-A610-34D245B2E90F}"
EndProject
Project("{9A19103F-16F7-4668-BE54-9A1E7A4F7556}") = "HealthcareAppointment.Data", "HealthcareAppointment.Data\HealthcareAppointment.Data.csproj", "{4A19BADA-FA1A-4CC1-AF77-DFBF8F781CE9}"
EndProject
Project("{9A19103F-16F7-4668-BE54-9A1E7A4F7556}") = "HealthcareAppointment.Business", "HealthcareAppointment.Business\HealthcareAppointment.Business.csproj", "{377141F1-8D00-45F0-BEF0-47DCECF83172}"
EndProject
Global
	GlobalSection(SolutionConfigurationPlatforms) = preSolution
		Debug|Any CPU = Debug|Any CPU
		Release|Any CPU = Release|Any CPU
	EndGlobalSection
	GlobalSection(ProjectConfigurationPlatforms) = postSolution
		{698F2F3C-917C-4554-A610-34D245B2E90F}.Debug|Any CPU.ActiveCfg = Debug|Any CPU
		{698F2F3C-917C-4554-A610-34D245B2E90F}.Debug|Any CPU.Build.0 = Debug|Any CPU
		{698F2F3C-917C-4554-A610-34D245B2E90F}.Release|Any CPU.ActiveCfg = Release|Any CPU
		{698F2F3C-917C-4554-A610-34D245B2E90F}.Release|Any CPU.Build.0 = Release|Any CPU
		{4A19BADA-FA1A-4CC1-AF77-DFBF8F781CE9}.Debug|Any CPU.ActiveCfg = Debug|Any CPU
		{4A19BADA-FA1A-4CC1-AF77-DFBF8F781CE9}.Debug|Any CPU.Build.0 = Debug|Any CPU
		{4A19BADA-FA1A-4CC1-AF77-DFBF8F781CE9}.Release|Any CPU.ActiveCfg = Release|Any CPU
		{4A19BADA-FA1A-4CC1-AF77-DFBF8F781CE9}.Release|Any CPU.Build.0 = Release|Any CPU
		{377141F1-8D00-45F0-BEF0-47DCECF83172}.Debug|Any CPU.ActiveCfg = Debug|Any CPU
		{377141F1-8D00-45F0-BEF0-47DCECF83172}.Debug|Any CPU.Build.0 = Debug|Any CPU
		{377141F1-8D00-45F0-BEF0-47DCECF83172}.Release|Any CPU.ActiveCfg = Release|Any CPU
		{377141F1-8D00-45F0-BEF0-47DCECF83172}.Release|Any CPU.Build.0 = Release|Any CPU
	EndGlobalSection
	GlobalSection(SolutionProperties) = preSolution
		HideSolutionNode = FALSE
	EndGlobalSection
	GlobalSection(ExtensibilityGlobals) = postSolution
		SolutionGuid = {3B5626F8-DFFE-4B0B-ADFC-399B36297E2F}
	EndGlobalSection
EndGlobal
